
Microsoft Visual Studio Solution File, Format Version 12.00
# Visual Studio Version 16
VisualStudioVersion = 16.0.31624.102
MinimumVisualStudioVersion = 10.0.40219.1
Project("{9A19103F-16F7-4668-BE54-9A1E7A4F7556}") = "Bookcrossing", "Bookcrossing\Bookcrossing.csproj", "{2B27410C-0FDD-48E3-8149-EDCED122B1CB}"
EndProject
Project("{9A19103F-16F7-4668-BE54-9A1E7A4F7556}") = "Bookcrossing.Data", "Bookcrossing.Data\Bookcrossing.Data.csproj", "{1A33CEE5-3C23-4427-AACC-52DC46B1FA0F}"
EndProject
Project("{FAE04EC0-301F-11D3-BF4B-00C04F79EFBC}") = "Bookcrossing.Service", "Bookcrossing.Service\Bookcrossing.Service.csproj", "{F738E9DD-74EE-480B-B7EC-57D743036860}"
EndProject
Project("{FAE04EC0-301F-11D3-BF4B-00C04F79EFBC}") = "Bookcrossing.Contracts", "Bookcrossing.Contracts\Bookcrossing.Contracts.csproj", "{BE65ACC5-B115-41F7-8A92-D9A8D4448628}"
EndProject
Global
	GlobalSection(SolutionConfigurationPlatforms) = preSolution
		Debug|Any CPU = Debug|Any CPU
		Release|Any CPU = Release|Any CPU
	EndGlobalSection
	GlobalSection(ProjectConfigurationPlatforms) = postSolution
		{2B27410C-0FDD-48E3-8149-EDCED122B1CB}.Debug|Any CPU.ActiveCfg = Debug|Any CPU
		{2B27410C-0FDD-48E3-8149-EDCED122B1CB}.Debug|Any CPU.Build.0 = Debug|Any CPU
		{2B27410C-0FDD-48E3-8149-EDCED122B1CB}.Release|Any CPU.ActiveCfg = Release|Any CPU
		{2B27410C-0FDD-48E3-8149-EDCED122B1CB}.Release|Any CPU.Build.0 = Release|Any CPU
		{1A33CEE5-3C23-4427-AACC-52DC46B1FA0F}.Debug|Any CPU.ActiveCfg = Debug|Any CPU
		{1A33CEE5-3C23-4427-AACC-52DC46B1FA0F}.Debug|Any CPU.Build.0 = Debug|Any CPU
		{1A33CEE5-3C23-4427-AACC-52DC46B1FA0F}.Release|Any CPU.ActiveCfg = Release|Any CPU
		{1A33CEE5-3C23-4427-AACC-52DC46B1FA0F}.Release|Any CPU.Build.0 = Release|Any CPU
		{F738E9DD-74EE-480B-B7EC-57D743036860}.Debug|Any CPU.ActiveCfg = Debug|Any CPU
		{F738E9DD-74EE-480B-B7EC-57D743036860}.Debug|Any CPU.Build.0 = Debug|Any CPU
		{F738E9DD-74EE-480B-B7EC-57D743036860}.Release|Any CPU.ActiveCfg = Release|Any CPU
		{F738E9DD-74EE-480B-B7EC-57D743036860}.Release|Any CPU.Build.0 = Release|Any CPU
		{BE65ACC5-B115-41F7-8A92-D9A8D4448628}.Debug|Any CPU.ActiveCfg = Debug|Any CPU
		{BE65ACC5-B115-41F7-8A92-D9A8D4448628}.Debug|Any CPU.Build.0 = Debug|Any CPU
		{BE65ACC5-B115-41F7-8A92-D9A8D4448628}.Release|Any CPU.ActiveCfg = Release|Any CPU
		{BE65ACC5-B115-41F7-8A92-D9A8D4448628}.Release|Any CPU.Build.0 = Release|Any CPU
	EndGlobalSection
	GlobalSection(SolutionProperties) = preSolution
		HideSolutionNode = FALSE
	EndGlobalSection
	GlobalSection(ExtensibilityGlobals) = postSolution
		SolutionGuid = {1FCDC59E-E529-4B90-B6F5-400242F7C1B4}
	EndGlobalSection
EndGlobal
